
Microsoft Visual Studio Solution File, Format Version 12.00
# Visual Studio Version 17
VisualStudioVersion = 17.2.32526.322
MinimumVisualStudioVersion = 10.0.40219.1
Project("{9A19103F-16F7-4668-BE54-9A1E7A4F7556}") = "ToastyQoLCalamity", "ToastyQoLCalamity.csproj", "{ACD6201A-92FA-442E-A21E-948B9FB9DE48}"
EndProject
Global
	GlobalSection(SolutionConfigurationPlatforms) = preSolution
		Debug|Any CPU = Debug|Any CPU
		Release|Any CPU = Release|Any CPU
	EndGlobalSection
	GlobalSection(ProjectConfigurationPlatforms) = postSolution
		{ACD6201A-92FA-442E-A21E-948B9FB9DE48}.Debug|Any CPU.ActiveCfg = Debug|Any CPU
		{ACD6201A-92FA-442E-A21E-948B9FB9DE48}.Debug|Any CPU.Build.0 = Debug|Any CPU
		{ACD6201A-92FA-442E-A21E-948B9FB9DE48}.Release|Any CPU.ActiveCfg = Release|Any CPU
		{ACD6201A-92FA-442E-A21E-948B9FB9DE48}.Release|Any CPU.Build.0 = Release|Any CPU
	EndGlobalSection
	GlobalSection(SolutionProperties) = preSolution
		HideSolutionNode = FALSE
	EndGlobalSection
	GlobalSection(ExtensibilityGlobals) = postSolution
		SolutionGuid = {C6EA6DE2-434B-4972-89F2-B9AC690EB44E}
	EndGlobalSection
EndGlobal
